
Microsoft Visual Studio Solution File, Format Version 12.00
# Visual Studio Version 17
VisualStudioVersion = 17.5.33627.172
MinimumVisualStudioVersion = 10.0.40219.1
Project("{FAE04EC0-301F-11D3-BF4B-00C04F79EFBC}") = "MinimalApi.Demo", "MinimalApi.Demo\MinimalApi.Demo.csproj", "{569B8435-A3CE-4EDB-B3B4-73640A7E2ADA}"
EndProject
Global
	GlobalSection(SolutionConfigurationPlatforms) = preSolution
		Debug|Any CPU = Debug|Any CPU
		Release|Any CPU = Release|Any CPU
	EndGlobalSection
	GlobalSection(ProjectConfigurationPlatforms) = postSolution
		{569B8435-A3CE-4EDB-B3B4-73640A7E2ADA}.Debug|Any CPU.ActiveCfg = Debug|Any CPU
		{569B8435-A3CE-4EDB-B3B4-73640A7E2ADA}.Debug|Any CPU.Build.0 = Debug|Any CPU
		{569B8435-A3CE-4EDB-B3B4-73640A7E2ADA}.Release|Any CPU.ActiveCfg = Release|Any CPU
		{569B8435-A3CE-4EDB-B3B4-73640A7E2ADA}.Release|Any CPU.Build.0 = Release|Any CPU
	EndGlobalSection
	GlobalSection(SolutionProperties) = preSolution
		HideSolutionNode = FALSE
	EndGlobalSection
	GlobalSection(ExtensibilityGlobals) = postSolution
		SolutionGuid = {D05FED70-7207-4906-8932-4E88A1150CF5}
	EndGlobalSection
EndGlobal
